
Microsoft Visual Studio Solution File, Format Version 12.00
# Visual Studio Version 16
VisualStudioVersion = 16.0.33927.289
MinimumVisualStudioVersion = 10.0.40219.1
Project("{2150E333-8FDC-42A3-9474-1A3956D46DE8}") = "Task0", "Task0", "{204DDBFE-923B-465E-965E-237D4F4D2160}"
EndProject
Project("{FAE04EC0-301F-11D3-BF4B-00C04F79EFBC}") = "Tyuiu.DubrovinSN.Sprint6.Task0.V26", "Tyuiu.DubrovinSN.Sprint6.Task0.V26\Tyuiu.DubrovinSN.Sprint6.Task0.V26.csproj", "{8B2B1703-B202-4DF6-9317-60BC41340A30}"
EndProject
Project("{FAE04EC0-301F-11D3-BF4B-00C04F79EFBC}") = "Tyuiu.DubrovinSN.Sprint6.Task0.V26.Lib", "Tyuiu.DubrovinSN.Sprint6.Task0.V26.Lib\Tyuiu.DubrovinSN.Sprint6.Task0.V26.Lib.csproj", "{0E0C99AC-E1F5-453D-91DE-99855B1E6197}"
EndProject
Project("{FAE04EC0-301F-11D3-BF4B-00C04F79EFBC}") = "Tyuiu.DubrovinSN.Sprint6.Task0.V26.Test", "Tyuiu.DubrovinSN.Sprint6.Task0.V26.Test\Tyuiu.DubrovinSN.Sprint6.Task0.V26.Test.csproj", "{F06356D6-7F25-4D22-91E2-01B204F187CD}"
EndProject
Project("{2150E333-8FDC-42A3-9474-1A3956D46DE8}") = "Task1", "Task1", "{1983DB8E-34DD-4D95-8B15-36F13A5C9E12}"
EndProject
Project("{FAE04EC0-301F-11D3-BF4B-00C04F79EFBC}") = "Tyuiu.DubrovinSN.Sprint6.Task1.V16", "Tyuiu.DubrovinSN.Sprint6.Task1.V16\Tyuiu.DubrovinSN.Sprint6.Task1.V16.csproj", "{717375D9-1139-4EA0-8EFA-88C9A64D4CA2}"
EndProject
Project("{FAE04EC0-301F-11D3-BF4B-00C04F79EFBC}") = "Tyuiu.DubrovinSN.Sprint6.Task1.V16.Lib", "Tyuiu.DubrovinSN.Sprint6.Task1.V16.Lib\Tyuiu.DubrovinSN.Sprint6.Task1.V16.Lib.csproj", "{A7B90ACE-C465-4CCC-923A-747C6E14FD09}"
EndProject
Project("{2150E333-8FDC-42A3-9474-1A3956D46DE8}") = "Task2", "Task2", "{0B00FD94-5D1F-4BCA-B88B-F53EAC12E394}"
EndProject
Project("{FAE04EC0-301F-11D3-BF4B-00C04F79EFBC}") = "Tyuiu.DubrovinSN.Sprint6.Task2.V11", "Tyuiu.DubrovinSN.Sprint6.Task2.V11\Tyuiu.DubrovinSN.Sprint6.Task2.V11.csproj", "{E41BF093-2716-41CC-94DB-9D8F8DCFAF5F}"
EndProject
Project("{FAE04EC0-301F-11D3-BF4B-00C04F79EFBC}") = "Tyuiu.DubrovinSN.Sprint6.Task2.V11.Lib", "Tyuiu.DubrovinSN.Sprint6.Task2.V11.Lib\Tyuiu.DubrovinSN.Sprint6.Task2.V11.Lib.csproj", "{36291531-F307-4EBD-B77C-C3C00521EC7B}"
EndProject
Project("{FAE04EC0-301F-11D3-BF4B-00C04F79EFBC}") = "Tyuiu.DubrovinSN.Sprint6.Task2.V11.Test", "Tyuiu.DubrovinSN.Sprint6.Task2.V11.Test\Tyuiu.DubrovinSN.Sprint6.Task2.V11.Test.csproj", "{BB7523FE-DA4D-441C-96B7-1C37CE4D3096}"
EndProject
Project("{2150E333-8FDC-42A3-9474-1A3956D46DE8}") = "Task3", "Task3", "{30657630-71CA-4870-8DF6-C0A94FAB87C6}"
EndProject
Project("{FAE04EC0-301F-11D3-BF4B-00C04F79EFBC}") = "Tyuiu.DubrovinSN.Sprint6.Task3.V1", "Tyuiu.DubrovinSN.Sprint6.Task3.V1\Tyuiu.DubrovinSN.Sprint6.Task3.V1.csproj", "{56B36F4E-AF92-4C4C-A435-8D221C73515F}"
EndProject
Project("{FAE04EC0-301F-11D3-BF4B-00C04F79EFBC}") = "Tyuiu.DubrovinSN.Sprint6.Task3.V1.Lib", "Tyuiu.DubrovinSN.Sprint6.Task3.V1.Lib\Tyuiu.DubrovinSN.Sprint6.Task3.V1.Lib.csproj", "{08497F85-FA85-4897-823D-94FF6FA92E35}"
EndProject
Project("{FAE04EC0-301F-11D3-BF4B-00C04F79EFBC}") = "Tyuiu.DubrovinSN.Sprint6.Task3.V1.Test", "Tyuiu.DubrovinSN.Sprint6.Task3.V1.Test\Tyuiu.DubrovinSN.Sprint6.Task3.V1.Test.csproj", "{F12A08B4-4269-4C9F-97DA-205E6257D31E}"
EndProject
Project("{FAE04EC0-301F-11D3-BF4B-00C04F79EFBC}") = "Tyuiu.DubrovinSN.Sprint6.Task1.V16.Test", "Tyuiu.DubrovinSN.Sprint6.Task1.V16.Test\Tyuiu.DubrovinSN.Sprint6.Task1.V16.Test.csproj", "{27EF332A-2DB3-4ABF-934E-D44D21188407}"
EndProject
Project("{2150E333-8FDC-42A3-9474-1A3956D46DE8}") = "Task4", "Task4", "{CD94D370-9298-4ACC-9E6C-AC23CBA66EF3}"
EndProject
Project("{FAE04EC0-301F-11D3-BF4B-00C04F79EFBC}") = "Tyuiu.DubrovinSN.Sprint6.Task4.V9", "Tyuiu.DubrovinSN.Sprint6.Task4.V9\Tyuiu.DubrovinSN.Sprint6.Task4.V9.csproj", "{CF7C5641-9864-43DC-9B98-12AAAF9CA118}"
EndProject
Project("{FAE04EC0-301F-11D3-BF4B-00C04F79EFBC}") = "Tyuiu.DubrovinSN.Sprint6.Task4.V9.Lib", "Tyuiu.DubrovinSN.Sprint6.Task4.V9.Lib\Tyuiu.DubrovinSN.Sprint6.Task4.V9.Lib.csproj", "{A45BAECF-73FB-459F-9E7F-FC71B905EDD6}"
EndProject
Project("{FAE04EC0-301F-11D3-BF4B-00C04F79EFBC}") = "Tyuiu.DubrovinSN.Sprint6.Task4.V9.Test", "Tyuiu.DubrovinSN.Sprint6.Task4.V9.Test\Tyuiu.DubrovinSN.Sprint6.Task4.V9.Test.csproj", "{1A5586A0-E2CA-4E9C-BDB2-B1FCDF935601}"
EndProject
Project("{2150E333-8FDC-42A3-9474-1A3956D46DE8}") = "Task5", "Task5", "{3D6EFC76-A395-4678-BF2A-8DABDE59EDC1}"
EndProject
Project("{FAE04EC0-301F-11D3-BF4B-00C04F79EFBC}") = "Tyuiu.DubrovinSN.Sprint6.Task5.V3", "Tyuiu.DubrovinSN.Sprint6.Task5.V3\Tyuiu.DubrovinSN.Sprint6.Task5.V3.csproj", "{446504E5-E770-40AA-ACE1-574DE1245AF3}"
EndProject
Project("{FAE04EC0-301F-11D3-BF4B-00C04F79EFBC}") = "Tyuiu.DubrovinSN.Sprint6.Task5.V3.Lib", "Tyuiu.DubrovinSN.Sprint6.Task5.V3.Lib\Tyuiu.DubrovinSN.Sprint6.Task5.V3.Lib.csproj", "{071DA3ED-72C4-4D25-9E52-E30D5519541C}"
EndProject
Project("{FAE04EC0-301F-11D3-BF4B-00C04F79EFBC}") = "Tyuiu.DubrovinSN.Sprint6.Task5.V3.Test", "Tyuiu.DubrovinSN.Sprint6.Task5.V3.Test\Tyuiu.DubrovinSN.Sprint6.Task5.V3.Test.csproj", "{90BC7397-D402-43C6-9DD0-D4DA02E54256}"
EndProject
Global
	GlobalSection(SolutionConfigurationPlatforms) = preSolution
		Debug|Any CPU = Debug|Any CPU
		Release|Any CPU = Release|Any CPU
	EndGlobalSection
	GlobalSection(ProjectConfigurationPlatforms) = postSolution
		{8B2B1703-B202-4DF6-9317-60BC41340A30}.Debug|Any CPU.ActiveCfg = Debug|Any CPU
		{8B2B1703-B202-4DF6-9317-60BC41340A30}.Debug|Any CPU.Build.0 = Debug|Any CPU
		{8B2B1703-B202-4DF6-9317-60BC41340A30}.Release|Any CPU.ActiveCfg = Release|Any CPU
		{8B2B1703-B202-4DF6-9317-60BC41340A30}.Release|Any CPU.Build.0 = Release|Any CPU
		{0E0C99AC-E1F5-453D-91DE-99855B1E6197}.Debug|Any CPU.ActiveCfg = Debug|Any CPU
		{0E0C99AC-E1F5-453D-91DE-99855B1E6197}.Debug|Any CPU.Build.0 = Debug|Any CPU
		{0E0C99AC-E1F5-453D-91DE-99855B1E6197}.Release|Any CPU.ActiveCfg = Release|Any CPU
		{0E0C99AC-E1F5-453D-91DE-99855B1E6197}.Release|Any CPU.Build.0 = Release|Any CPU
		{F06356D6-7F25-4D22-91E2-01B204F187CD}.Debug|Any CPU.ActiveCfg = Debug|Any CPU
		{F06356D6-7F25-4D22-91E2-01B204F187CD}.Debug|Any CPU.Build.0 = Debug|Any CPU
		{F06356D6-7F25-4D22-91E2-01B204F187CD}.Release|Any CPU.ActiveCfg = Release|Any CPU
		{F06356D6-7F25-4D22-91E2-01B204F187CD}.Release|Any CPU.Build.0 = Release|Any CPU
		{717375D9-1139-4EA0-8EFA-88C9A64D4CA2}.Debug|Any CPU.ActiveCfg = Debug|Any CPU
		{717375D9-1139-4EA0-8EFA-88C9A64D4CA2}.Debug|Any CPU.Build.0 = Debug|Any CPU
		{717375D9-1139-4EA0-8EFA-88C9A64D4CA2}.Release|Any CPU.ActiveCfg = Release|Any CPU
		{717375D9-1139-4EA0-8EFA-88C9A64D4CA2}.Release|Any CPU.Build.0 = Release|Any CPU
		{A7B90ACE-C465-4CCC-923A-747C6E14FD09}.Debug|Any CPU.ActiveCfg = Debug|Any CPU
		{A7B90ACE-C465-4CCC-923A-747C6E14FD09}.Debug|Any CPU.Build.0 = Debug|Any CPU
		{A7B90ACE-C465-4CCC-923A-747C6E14FD09}.Release|Any CPU.ActiveCfg = Release|Any CPU
		{A7B90ACE-C465-4CCC-923A-747C6E14FD09}.Release|Any CPU.Build.0 = Release|Any CPU
		{E41BF093-2716-41CC-94DB-9D8F8DCFAF5F}.Debug|Any CPU.ActiveCfg = Debug|Any CPU
		{E41BF093-2716-41CC-94DB-9D8F8DCFAF5F}.Debug|Any CPU.Build.0 = Debug|Any CPU
		{E41BF093-2716-41CC-94DB-9D8F8DCFAF5F}.Release|Any CPU.ActiveCfg = Release|Any CPU
		{E41BF093-2716-41CC-94DB-9D8F8DCFAF5F}.Release|Any CPU.Build.0 = Release|Any CPU
		{36291531-F307-4EBD-B77C-C3C00521EC7B}.Debug|Any CPU.ActiveCfg = Debug|Any CPU
		{36291531-F307-4EBD-B77C-C3C00521EC7B}.Debug|Any CPU.Build.0 = Debug|Any CPU
		{36291531-F307-4EBD-B77C-C3C00521EC7B}.Release|Any CPU.ActiveCfg = Release|Any CPU
		{36291531-F307-4EBD-B77C-C3C00521EC7B}.Release|Any CPU.Build.0 = Release|Any CPU
		{BB7523FE-DA4D-441C-96B7-1C37CE4D3096}.Debug|Any CPU.ActiveCfg = Debug|Any CPU
		{BB7523FE-DA4D-441C-96B7-1C37CE4D3096}.Debug|Any CPU.Build.0 = Debug|Any CPU
		{BB7523FE-DA4D-441C-96B7-1C37CE4D3096}.Release|Any CPU.ActiveCfg = Release|Any CPU
		{BB7523FE-DA4D-441C-96B7-1C37CE4D3096}.Release|Any CPU.Build.0 = Release|Any CPU
		{56B36F4E-AF92-4C4C-A435-8D221C73515F}.Debug|Any CPU.ActiveCfg = Debug|Any CPU
		{56B36F4E-AF92-4C4C-A435-8D221C73515F}.Debug|Any CPU.Build.0 = Debug|Any CPU
		{56B36F4E-AF92-4C4C-A435-8D221C73515F}.Release|Any CPU.ActiveCfg = Release|Any CPU
		{56B36F4E-AF92-4C4C-A435-8D221C73515F}.Release|Any CPU.Build.0 = Release|Any CPU
		{08497F85-FA85-4897-823D-94FF6FA92E35}.Debug|Any CPU.ActiveCfg = Debug|Any CPU
		{08497F85-FA85-4897-823D-94FF6FA92E35}.Debug|Any CPU.Build.0 = Debug|Any CPU
		{08497F85-FA85-4897-823D-94FF6FA92E35}.Release|Any CPU.ActiveCfg = Release|Any CPU
		{08497F85-FA85-4897-823D-94FF6FA92E35}.Release|Any CPU.Build.0 = Release|Any CPU
		{F12A08B4-4269-4C9F-97DA-205E6257D31E}.Debug|Any CPU.ActiveCfg = Debug|Any CPU
		{F12A08B4-4269-4C9F-97DA-205E6257D31E}.Debug|Any CPU.Build.0 = Debug|Any CPU
		{F12A08B4-4269-4C9F-97DA-205E6257D31E}.Release|Any CPU.ActiveCfg = Release|Any CPU
		{F12A08B4-4269-4C9F-97DA-205E6257D31E}.Release|Any CPU.Build.0 = Release|Any CPU
		{27EF332A-2DB3-4ABF-934E-D44D21188407}.Debug|Any CPU.ActiveCfg = Debug|Any CPU
		{27EF332A-2DB3-4ABF-934E-D44D21188407}.Debug|Any CPU.Build.0 = Debug|Any CPU
		{27EF332A-2DB3-4ABF-934E-D44D21188407}.Release|Any CPU.ActiveCfg = Release|Any CPU
		{27EF332A-2DB3-4ABF-934E-D44D21188407}.Release|Any CPU.Build.0 = Release|Any CPU
		{CF7C5641-9864-43DC-9B98-12AAAF9CA118}.Debug|Any CPU.ActiveCfg = Debug|Any CPU
		{CF7C5641-9864-43DC-9B98-12AAAF9CA118}.Debug|Any CPU.Build.0 = Debug|Any CPU
		{CF7C5641-9864-43DC-9B98-12AAAF9CA118}.Release|Any CPU.ActiveCfg = Release|Any CPU
		{CF7C5641-9864-43DC-9B98-12AAAF9CA118}.Release|Any CPU.Build.0 = Release|Any CPU
		{A45BAECF-73FB-459F-9E7F-FC71B905EDD6}.Debug|Any CPU.ActiveCfg = Debug|Any CPU
		{A45BAECF-73FB-459F-9E7F-FC71B905EDD6}.Debug|Any CPU.Build.0 = Debug|Any CPU
		{A45BAECF-73FB-459F-9E7F-FC71B905EDD6}.Release|Any CPU.ActiveCfg = Release|Any CPU
		{A45BAECF-73FB-459F-9E7F-FC71B905EDD6}.Release|Any CPU.Build.0 = Release|Any CPU
		{1A5586A0-E2CA-4E9C-BDB2-B1FCDF935601}.Debug|Any CPU.ActiveCfg = Debug|Any CPU
		{1A5586A0-E2CA-4E9C-BDB2-B1FCDF935601}.Debug|Any CPU.Build.0 = Debug|Any CPU
		{1A5586A0-E2CA-4E9C-BDB2-B1FCDF935601}.Release|Any CPU.ActiveCfg = Release|Any CPU
		{1A5586A0-E2CA-4E9C-BDB2-B1FCDF935601}.Release|Any CPU.Build.0 = Release|Any CPU
		{446504E5-E770-40AA-ACE1-574DE1245AF3}.Debug|Any CPU.ActiveCfg = Debug|Any CPU
		{446504E5-E770-40AA-ACE1-574DE1245AF3}.Debug|Any CPU.Build.0 = Debug|Any CPU
		{446504E5-E770-40AA-ACE1-574DE1245AF3}.Release|Any CPU.ActiveCfg = Release|Any CPU
		{446504E5-E770-40AA-ACE1-574DE1245AF3}.Release|Any CPU.Build.0 = Release|Any CPU
		{071DA3ED-72C4-4D25-9E52-E30D5519541C}.Debug|Any CPU.ActiveCfg = Debug|Any CPU
		{071DA3ED-72C4-4D25-9E52-E30D5519541C}.Debug|Any CPU.Build.0 = Debug|Any CPU
		{071DA3ED-72C4-4D25-9E52-E30D5519541C}.Release|Any CPU.ActiveCfg = Release|Any CPU
		{071DA3ED-72C4-4D25-9E52-E30D5519541C}.Release|Any CPU.Build.0 = Release|Any CPU
		{90BC7397-D402-43C6-9DD0-D4DA02E54256}.Debug|Any CPU.ActiveCfg = Debug|Any CPU
		{90BC7397-D402-43C6-9DD0-D4DA02E54256}.Debug|Any CPU.Build.0 = Debug|Any CPU
		{90BC7397-D402-43C6-9DD0-D4DA02E54256}.Release|Any CPU.ActiveCfg = Release|Any CPU
		{90BC7397-D402-43C6-9DD0-D4DA02E54256}.Release|Any CPU.Build.0 = Release|Any CPU
	EndGlobalSection
	GlobalSection(SolutionProperties) = preSolution
		HideSolutionNode = FALSE
	EndGlobalSection
	GlobalSection(NestedProjects) = preSolution
		{8B2B1703-B202-4DF6-9317-60BC41340A30} = {204DDBFE-923B-465E-965E-237D4F4D2160}
		{0E0C99AC-E1F5-453D-91DE-99855B1E6197} = {204DDBFE-923B-465E-965E-237D4F4D2160}
		{F06356D6-7F25-4D22-91E2-01B204F187CD} = {204DDBFE-923B-465E-965E-237D4F4D2160}
		{717375D9-1139-4EA0-8EFA-88C9A64D4CA2} = {1983DB8E-34DD-4D95-8B15-36F13A5C9E12}
		{A7B90ACE-C465-4CCC-923A-747C6E14FD09} = {1983DB8E-34DD-4D95-8B15-36F13A5C9E12}
		{E41BF093-2716-41CC-94DB-9D8F8DCFAF5F} = {0B00FD94-5D1F-4BCA-B88B-F53EAC12E394}
		{36291531-F307-4EBD-B77C-C3C00521EC7B} = {0B00FD94-5D1F-4BCA-B88B-F53EAC12E394}
		{BB7523FE-DA4D-441C-96B7-1C37CE4D3096} = {0B00FD94-5D1F-4BCA-B88B-F53EAC12E394}
		{56B36F4E-AF92-4C4C-A435-8D221C73515F} = {30657630-71CA-4870-8DF6-C0A94FAB87C6}
		{08497F85-FA85-4897-823D-94FF6FA92E35} = {30657630-71CA-4870-8DF6-C0A94FAB87C6}
		{F12A08B4-4269-4C9F-97DA-205E6257D31E} = {30657630-71CA-4870-8DF6-C0A94FAB87C6}
		{27EF332A-2DB3-4ABF-934E-D44D21188407} = {1983DB8E-34DD-4D95-8B15-36F13A5C9E12}
		{CF7C5641-9864-43DC-9B98-12AAAF9CA118} = {CD94D370-9298-4ACC-9E6C-AC23CBA66EF3}
		{A45BAECF-73FB-459F-9E7F-FC71B905EDD6} = {CD94D370-9298-4ACC-9E6C-AC23CBA66EF3}
		{1A5586A0-E2CA-4E9C-BDB2-B1FCDF935601} = {CD94D370-9298-4ACC-9E6C-AC23CBA66EF3}
		{446504E5-E770-40AA-ACE1-574DE1245AF3} = {3D6EFC76-A395-4678-BF2A-8DABDE59EDC1}
		{071DA3ED-72C4-4D25-9E52-E30D5519541C} = {3D6EFC76-A395-4678-BF2A-8DABDE59EDC1}
		{90BC7397-D402-43C6-9DD0-D4DA02E54256} = {3D6EFC76-A395-4678-BF2A-8DABDE59EDC1}
	EndGlobalSection
	GlobalSection(ExtensibilityGlobals) = postSolution
		SolutionGuid = {E41C9CB5-AFC2-4D2B-AD9F-DC5204CAC4C5}
	EndGlobalSection
EndGlobal
